
Microsoft Visual Studio Solution File, Format Version 12.00
# Visual Studio Version 17
VisualStudioVersion = 17.5.33424.131
MinimumVisualStudioVersion = 10.0.40219.1
Project("{FAE04EC0-301F-11D3-BF4B-00C04F79EFBC}") = "pluralsight learning", "pluralsight learning\pluralsight learning.csproj", "{79DEAD7D-B563-4042-ABFF-E09D0F14518D}"
EndProject
Global
	GlobalSection(SolutionConfigurationPlatforms) = preSolution
		Debug|Any CPU = Debug|Any CPU
		Release|Any CPU = Release|Any CPU
	EndGlobalSection
	GlobalSection(ProjectConfigurationPlatforms) = postSolution
		{79DEAD7D-B563-4042-ABFF-E09D0F14518D}.Debug|Any CPU.ActiveCfg = Debug|Any CPU
		{79DEAD7D-B563-4042-ABFF-E09D0F14518D}.Debug|Any CPU.Build.0 = Debug|Any CPU
		{79DEAD7D-B563-4042-ABFF-E09D0F14518D}.Release|Any CPU.ActiveCfg = Release|Any CPU
		{79DEAD7D-B563-4042-ABFF-E09D0F14518D}.Release|Any CPU.Build.0 = Release|Any CPU
	EndGlobalSection
	GlobalSection(SolutionProperties) = preSolution
		HideSolutionNode = FALSE
	EndGlobalSection
	GlobalSection(ExtensibilityGlobals) = postSolution
		SolutionGuid = {95EF248C-865D-4CE2-9192-F3A1EA2C18FA}
	EndGlobalSection
EndGlobal
